
Microsoft Visual Studio Solution File, Format Version 12.00
# Visual Studio Version 16
VisualStudioVersion = 16.0.30907.101
MinimumVisualStudioVersion = 10.0.40219.1
Project("{FAE04EC0-301F-11D3-BF4B-00C04F79EFBC}") = "TestRepo", "TestRepo\TestRepo.csproj", "{73698E42-C60C-4D58-A4F6-DA8624076F2E}"
EndProject
Global
	GlobalSection(SolutionConfigurationPlatforms) = preSolution
		Debug|Any CPU = Debug|Any CPU
		Release|Any CPU = Release|Any CPU
	EndGlobalSection
	GlobalSection(ProjectConfigurationPlatforms) = postSolution
		{73698E42-C60C-4D58-A4F6-DA8624076F2E}.Debug|Any CPU.ActiveCfg = Debug|Any CPU
		{73698E42-C60C-4D58-A4F6-DA8624076F2E}.Debug|Any CPU.Build.0 = Debug|Any CPU
		{73698E42-C60C-4D58-A4F6-DA8624076F2E}.Release|Any CPU.ActiveCfg = Release|Any CPU
		{73698E42-C60C-4D58-A4F6-DA8624076F2E}.Release|Any CPU.Build.0 = Release|Any CPU
	EndGlobalSection
	GlobalSection(SolutionProperties) = preSolution
		HideSolutionNode = FALSE
	EndGlobalSection
	GlobalSection(ExtensibilityGlobals) = postSolution
		SolutionGuid = {41117131-D763-45DE-8A0C-1ED45D9C5469}
	EndGlobalSection
EndGlobal
